// !$*UTF8*$!
{
	archiveVersion = 1;
	classes = {
	};
	objectVersion = 46;
	objects = {

/* Begin PBXBuildFile section */
		7F6E666416FDE65000A09B38 /* main.cpp in Sources */ = {isa = PBXBuildFile; fileRef = 7F6E666316FDE65000A09B38 /* main.cpp */; };
		7F6E666616FDE65000A09B38 /* CoScheduler.1 in CopyFiles */ = {isa = PBXBuildFile; fileRef = 7F6E666516FDE65000A09B38 /* CoScheduler.1 */; };
		7F6E667616FE729A00A09B38 /* libcondorapi.dylib in Frameworks */ = {isa = PBXBuildFile; fileRef = 7F6E667516FE729A00A09B38 /* libcondorapi.dylib */; };
		7F7726D3172A6CB700C9D919 /* submission.h in Headers */ = {isa = PBXBuildFile; fileRef = 7F7726D2172A6CB700C9D919 /* submission.h */; };
/* End PBXBuildFile section */

/* Begin PBXCopyFilesBuildPhase section */
		7F6E665E16FDE65000A09B38 /* CopyFiles */ = {
			isa = PBXCopyFilesBuildPhase;
			buildActionMask = 2147483647;
			dstPath = /usr/share/man/man1/;
			dstSubfolderSpec = 0;
			files = (
				7F6E666616FDE65000A09B38 /* CoScheduler.1 in CopyFiles */,
			);
			runOnlyForDeploymentPostprocessing = 1;
		};
/* End PBXCopyFilesBuildPhase section */

/* Begin PBXFileReference section */
		7F165C40173AA4940014E99F /* threaded.h */ = {isa = PBXFileReference; lastKnownFileType = sourcecode.c.h; path = threaded.h; sourceTree = "<group>"; };
		7F6E666016FDE65000A09B38 /* CoScheduler */ = {isa = PBXFileReference; explicitFileType = "compiled.mach-o.executable"; includeInIndex = 0; path = CoScheduler; sourceTree = BUILT_PRODUCTS_DIR; };
		7F6E666316FDE65000A09B38 /* main.cpp */ = {isa = PBXFileReference; lastKnownFileType = sourcecode.cpp.cpp; path = main.cpp; sourceTree = "<group>"; usesTabs = 1; };
		7F6E666516FDE65000A09B38 /* CoScheduler.1 */ = {isa = PBXFileReference; lastKnownFileType = text.man; path = CoScheduler.1; sourceTree = "<group>"; };
		7F6E666C16FDE69F00A09B38 /* condor_event.h */ = {isa = PBXFileReference; fileEncoding = 4; lastKnownFileType = sourcecode.c.h; path = condor_event.h; sourceTree = "<group>"; };
		7F6E666D16FDE6AB00A09B38 /* read_user_log.h */ = {isa = PBXFileReference; fileEncoding = 4; lastKnownFileType = sourcecode.c.h; path = read_user_log.h; sourceTree = "<group>"; };
		7F6E666E16FDE6B300A09B38 /* user_log.c++.h */ = {isa = PBXFileReference; fileEncoding = 4; lastKnownFileType = sourcecode.c.h; path = "user_log.c++.h"; sourceTree = "<group>"; };
		7F6E666F16FDE6BB00A09B38 /* write_user_log.h */ = {isa = PBXFileReference; fileEncoding = 4; lastKnownFileType = sourcecode.c.h; path = write_user_log.h; sourceTree = "<group>"; };
		7F6E667516FE729A00A09B38 /* libcondorapi.dylib */ = {isa = PBXFileReference; lastKnownFileType = "compiled.mach-o.dylib"; name = libcondorapi.dylib; path = "../../Downloads/condor-7.8.7/src/condor_utils/libcondorapi.dylib"; sourceTree = "<group>"; };
		7F7726D2172A6CB700C9D919 /* submission.h */ = {isa = PBXFileReference; fileEncoding = 4; lastKnownFileType = sourcecode.c.h; path = submission.h; sourceTree = "<group>"; };
/* End PBXFileReference section */

/* Begin PBXFrameworksBuildPhase section */
		7F6E665D16FDE65000A09B38 /* Frameworks */ = {
			isa = PBXFrameworksBuildPhase;
			buildActionMask = 2147483647;
			files = (
				7F6E667616FE729A00A09B38 /* libcondorapi.dylib in Frameworks */,
			);
			runOnlyForDeploymentPostprocessing = 0;
		};
/* End PBXFrameworksBuildPhase section */

/* Begin PBXGroup section */
		7F6E665716FDE65000A09B38 = {
			isa = PBXGroup;
			children = (
				7F6E667516FE729A00A09B38 /* libcondorapi.dylib */,
				7F6E666216FDE65000A09B38 /* CoScheduler */,
				7F6E666116FDE65000A09B38 /* Products */,
			);
			sourceTree = "<group>";
		};
		7F6E666116FDE65000A09B38 /* Products */ = {
			isa = PBXGroup;
			children = (
				7F6E666016FDE65000A09B38 /* CoScheduler */,
			);
			name = Products;
			sourceTree = "<group>";
		};
		7F6E666216FDE65000A09B38 /* CoScheduler */ = {
			isa = PBXGroup;
			children = (
				7F6E666316FDE65000A09B38 /* main.cpp */,
				7F7726D2172A6CB700C9D919 /* submission.h */,
				7F6E666C16FDE69F00A09B38 /* condor_event.h */,
				7F6E666E16FDE6B300A09B38 /* user_log.c++.h */,
				7F6E666D16FDE6AB00A09B38 /* read_user_log.h */,
				7F6E666F16FDE6BB00A09B38 /* write_user_log.h */,
				7F6E666516FDE65000A09B38 /* CoScheduler.1 */,
				7F165C40173AA4940014E99F /* threaded.h */,
			);
			path = CoScheduler;
			sourceTree = "<group>";
		};
/* End PBXGroup section */

/* Begin PBXHeadersBuildPhase section */
		7F6E667016FE09E700A09B38 /* Headers */ = {
			isa = PBXHeadersBuildPhase;
			buildActionMask = 2147483647;
			files = (
				7F7726D3172A6CB700C9D919 /* submission.h in Headers */,
			);
			runOnlyForDeploymentPostprocessing = 0;
		};
/* End PBXHeadersBuildPhase section */

/* Begin PBXNativeTarget section */
		7F6E665F16FDE65000A09B38 /* CoScheduler */ = {
			isa = PBXNativeTarget;
			buildConfigurationList = 7F6E666916FDE65000A09B38 /* Build configuration list for PBXNativeTarget "CoScheduler" */;
			buildPhases = (
				7F6E665C16FDE65000A09B38 /* Sources */,
				7F6E665D16FDE65000A09B38 /* Frameworks */,
				7F6E665E16FDE65000A09B38 /* CopyFiles */,
				7F6E667016FE09E700A09B38 /* Headers */,
			);
			buildRules = (
			);
			dependencies = (
			);
			name = CoScheduler;
			productName = CoScheduler;
			productReference = 7F6E666016FDE65000A09B38 /* CoScheduler */;
			productType = "com.apple.product-type.tool";
		};
/* End PBXNativeTarget section */

/* Begin PBXProject section */
		7F6E665816FDE65000A09B38 /* Project object */ = {
			isa = PBXProject;
			attributes = {
				LastUpgradeCheck = 0460;
				ORGANIZATIONNAME = "Kartik Vedalaveni";
			};
			buildConfigurationList = 7F6E665B16FDE65000A09B38 /* Build configuration list for PBXProject "CoScheduler" */;
			compatibilityVersion = "Xcode 3.2";
			developmentRegion = English;
			hasScannedForEncodings = 0;
			knownRegions = (
				en,
			);
			mainGroup = 7F6E665716FDE65000A09B38;
			productRefGroup = 7F6E666116FDE65000A09B38 /* Products */;
			projectDirPath = "";
			projectRoot = "";
			targets = (
				7F6E665F16FDE65000A09B38 /* CoScheduler */,
			);
		};
/* End PBXProject section */

/* Begin PBXSourcesBuildPhase section */
		7F6E665C16FDE65000A09B38 /* Sources */ = {
			isa = PBXSourcesBuildPhase;
			buildActionMask = 2147483647;
			files = (
				7F6E666416FDE65000A09B38 /* main.cpp in Sources */,
			);
			runOnlyForDeploymentPostprocessing = 0;
		};
/* End PBXSourcesBuildPhase section */

/* Begin XCBuildConfiguration section */
		7F6E666716FDE65000A09B38 /* Debug */ = {
			isa = XCBuildConfiguration;
			buildSettings = {
				ALWAYS_SEARCH_USER_PATHS = NO;
				ARCHS = "$(ARCHS_STANDARD_64_BIT)";
				CLANG_CXX_LANGUAGE_STANDARD = "gnu++0x";
				CLANG_CXX_LIBRARY = "libc++";
				CLANG_ENABLE_OBJC_ARC = YES;
				CLANG_WARN_CONSTANT_CONVERSION = YES;
				CLANG_WARN_EMPTY_BODY = YES;
				CLANG_WARN_ENUM_CONVERSION = YES;
				CLANG_WARN_INT_CONVERSION = YES;
				CLANG_WARN__DUPLICATE_METHOD_MATCH = YES;
				COPY_PHASE_STRIP = NO;
				GCC_C_LANGUAGE_STANDARD = gnu99;
				GCC_DYNAMIC_NO_PIC = NO;
				GCC_ENABLE_OBJC_EXCEPTIONS = YES;
				GCC_OPTIMIZATION_LEVEL = 0;
				GCC_PREPROCESSOR_DEFINITIONS = (
					"DEBUG=1",
					"$(inherited)",
				);
				GCC_SYMBOLS_PRIVATE_EXTERN = NO;
				GCC_WARN_64_TO_32_BIT_CONVERSION = YES;
				GCC_WARN_ABOUT_RETURN_TYPE = YES;
				GCC_WARN_UNINITIALIZED_AUTOS = YES;
				GCC_WARN_UNUSED_VARIABLE = YES;
				"INSTALL_PATH[sdk=*]" = "@rpath";
				MACOSX_DEPLOYMENT_TARGET = 10.8;
				ONLY_ACTIVE_ARCH = YES;
				SDKROOT = macosx;
			};
			name = Debug;
		};
		7F6E666816FDE65000A09B38 /* Release */ = {
			isa = XCBuildConfiguration;
			buildSettings = {
				ALWAYS_SEARCH_USER_PATHS = NO;
				ARCHS = "$(ARCHS_STANDARD_64_BIT)";
				CLANG_CXX_LANGUAGE_STANDARD = "gnu++0x";
				CLANG_CXX_LIBRARY = "libc++";
				CLANG_ENABLE_OBJC_ARC = YES;
				CLANG_WARN_CONSTANT_CONVERSION = YES;
				CLANG_WARN_EMPTY_BODY = YES;
				CLANG_WARN_ENUM_CONVERSION = YES;
				CLANG_WARN_INT_CONVERSION = YES;
				CLANG_WARN__DUPLICATE_METHOD_MATCH = YES;
				COPY_PHASE_STRIP = YES;
				DEBUG_INFORMATION_FORMAT = "dwarf-with-dsym";
				GCC_C_LANGUAGE_STANDARD = gnu99;
				GCC_ENABLE_OBJC_EXCEPTIONS = YES;
				GCC_WARN_64_TO_32_BIT_CONVERSION = YES;
				GCC_WARN_ABOUT_RETURN_TYPE = YES;
				GCC_WARN_UNINITIALIZED_AUTOS = YES;
				GCC_WARN_UNUSED_VARIABLE = YES;
				"INSTALL_PATH[sdk=*]" = "@rpath";
				MACOSX_DEPLOYMENT_TARGET = 10.8;
				SDKROOT = macosx;
			};
			name = Release;
		};
		7F6E666A16FDE65000A09B38 /* Debug */ = {
			isa = XCBuildConfiguration;
			buildSettings = {
				HEADER_SEARCH_PATHS = (
					"<Multiple",
					"values>",
					/usr/local/include/boost,
				);
				"HEADER_SEARCH_PATHS[arch=*]" = "./**";
				LIBRARY_SEARCH_PATHS = (
					"$(inherited)",
					"\"$(SRCROOT)/../../Downloads/condor-7.8.7/src/condor_utils\"",
					"\"$(SRCROOT)/CoScheduler\"",
				);
				MACH_O_TYPE = mh_execute;
				"OTHER_LDFLAGS[arch=*]" = "-lcondorapi";
				PRODUCT_NAME = "$(TARGET_NAME)";
				USER_HEADER_SEARCH_PATHS = /usr/local/include;
			};
			name = Debug;
		};
		7F6E666B16FDE65000A09B38 /* Release */ = {
			isa = XCBuildConfiguration;
			buildSettings = {
				HEADER_SEARCH_PATHS = (
					"<Multiple",
					"values>",
					/usr/local/include/boost,
				);
				"HEADER_SEARCH_PATHS[arch=*]" = "./**";
				LIBRARY_SEARCH_PATHS = (
					"$(inherited)",
					"\"$(SRCROOT)/../../Downloads/condor-7.8.7/src/condor_utils\"",
					"\"$(SRCROOT)/CoScheduler\"",
				);
				MACH_O_TYPE = mh_execute;
				"OTHER_LDFLAGS[arch=*]" = "-lcondorapi";
				PRODUCT_NAME = "$(TARGET_NAME)";
				"USER_HEADER_SEARCH_PATHS[arch=*]" = "./**";
			};
			name = Release;
		};
/* End XCBuildConfiguration section */

/* Begin XCConfigurationList section */
		7F6E665B16FDE65000A09B38 /* Build configuration list for PBXProject "CoScheduler" */ = {
			isa = XCConfigurationList;
			buildConfigurations = (
				7F6E666716FDE65000A09B38 /* Debug */,
				7F6E666816FDE65000A09B38 /* Release */,
			);
			defaultConfigurationIsVisible = 0;
			defaultConfigurationName = Release;
		};
		7F6E666916FDE65000A09B38 /* Build configuration list for PBXNativeTarget "CoScheduler" */ = {
			isa = XCConfigurationList;
			buildConfigurations = (
				7F6E666A16FDE65000A09B38 /* Debug */,
				7F6E666B16FDE65000A09B38 /* Release */,
			);
			defaultConfigurationIsVisible = 0;
			defaultConfigurationName = Release;
		};
/* End XCConfigurationList section */
	};
	rootObject = 7F6E665816FDE65000A09B38 /* Project object */;
}
